// !$*UTF8*$!
{
	archiveVersion = 1;
	classes = {
	};
	objectVersion = 46;
	objects = {

/* Begin PBXBuildFile section */
		DC192E2B1C73522200A54AEA /* SetDashLine.swift in Sources */ = {isa = PBXBuildFile; fileRef = DC192E2A1C73522200A54AEA /* SetDashLine.swift */; };
		DC192E2E1C7352C800A54AEA /* MTAutoLayout.swift in Sources */ = {isa = PBXBuildFile; fileRef = DC192E2D1C7352C800A54AEA /* MTAutoLayout.swift */; };
		DC192E311C73539400A54AEA /* Menu.swift in Sources */ = {isa = PBXBuildFile; fileRef = DC192E301C73539400A54AEA /* Menu.swift */; };
		DC192E331C7353B400A54AEA /* MenuButton.swift in Sources */ = {isa = PBXBuildFile; fileRef = DC192E321C7353B400A54AEA /* MenuButton.swift */; };
		DC9064E01C1733F4005BED18 /* TitleCell.swift in Sources */ = {isa = PBXBuildFile; fileRef = DC9064DF1C1733F4005BED18 /* TitleCell.swift */; };
		DC9064E21C173403005BED18 /* TextCell.swift in Sources */ = {isa = PBXBuildFile; fileRef = DC9064E11C173403005BED18 /* TextCell.swift */; };
		DC9064E41C173416005BED18 /* IncomeCell.swift in Sources */ = {isa = PBXBuildFile; fileRef = DC9064E31C173416005BED18 /* IncomeCell.swift */; };
		DC9064E61C173427005BED18 /* DetailsCell.swift in Sources */ = {isa = PBXBuildFile; fileRef = DC9064E51C173427005BED18 /* DetailsCell.swift */; };
		DC9064E81C17343D005BED18 /* ApplyCell.swift in Sources */ = {isa = PBXBuildFile; fileRef = DC9064E71C17343D005BED18 /* ApplyCell.swift */; };
		DC9064EA1C17366B005BED18 /* Job.swift in Sources */ = {isa = PBXBuildFile; fileRef = DC9064E91C17366B005BED18 /* Job.swift */; };
		DC9578161C14746C00692EB2 /* PickerViewController.swift in Sources */ = {isa = PBXBuildFile; fileRef = DC9578151C14746C00692EB2 /* PickerViewController.swift */; };
		DCA5E2C81C1294DA00C44CBB /* AppDelegate.swift in Sources */ = {isa = PBXBuildFile; fileRef = DCA5E2C71C1294DA00C44CBB /* AppDelegate.swift */; };
		DCA5E2CA1C1294DA00C44CBB /* ViewController.swift in Sources */ = {isa = PBXBuildFile; fileRef = DCA5E2C91C1294DA00C44CBB /* ViewController.swift */; };
		DCA5E2CD1C1294DA00C44CBB /* Main.storyboard in Resources */ = {isa = PBXBuildFile; fileRef = DCA5E2CB1C1294DA00C44CBB /* Main.storyboard */; };
		DCA5E2CF1C1294DA00C44CBB /* Assets.xcassets in Resources */ = {isa = PBXBuildFile; fileRef = DCA5E2CE1C1294DA00C44CBB /* Assets.xcassets */; };
		DCA5E2D21C1294DA00C44CBB /* LaunchScreen.storyboard in Resources */ = {isa = PBXBuildFile; fileRef = DCA5E2D01C1294DA00C44CBB /* LaunchScreen.storyboard */; };
		DCA5E2DD1C1294DB00C44CBB /* MtoM_FakeTests.swift in Sources */ = {isa = PBXBuildFile; fileRef = DCA5E2DC1C1294DB00C44CBB /* MtoM_FakeTests.swift */; };
		DCA5E2E81C1294DB00C44CBB /* MtoM_FakeUITests.swift in Sources */ = {isa = PBXBuildFile; fileRef = DCA5E2E71C1294DB00C44CBB /* MtoM_FakeUITests.swift */; };
		DCA5E2F61C1297E700C44CBB /* LivingViewController.swift in Sources */ = {isa = PBXBuildFile; fileRef = DCA5E2F51C1297E700C44CBB /* LivingViewController.swift */; };
		DCA5E2F81C12980500C44CBB /* LivingTableViewCell.swift in Sources */ = {isa = PBXBuildFile; fileRef = DCA5E2F71C12980500C44CBB /* LivingTableViewCell.swift */; };
		DCA5E2FA1C12991F00C44CBB /* Utils.swift in Sources */ = {isa = PBXBuildFile; fileRef = DCA5E2F91C12991F00C44CBB /* Utils.swift */; };
		DCA5E2FC1C12C39C00C44CBB /* WorkingTableViewCell.swift in Sources */ = {isa = PBXBuildFile; fileRef = DCA5E2FB1C12C39C00C44CBB /* WorkingTableViewCell.swift */; };
		DCA5E2FE1C12C3B800C44CBB /* WorkingViewController.swift in Sources */ = {isa = PBXBuildFile; fileRef = DCA5E2FD1C12C3B800C44CBB /* WorkingViewController.swift */; };
		DCA5E3001C12C3CB00C44CBB /* SexViewController.swift in Sources */ = {isa = PBXBuildFile; fileRef = DCA5E2FF1C12C3CB00C44CBB /* SexViewController.swift */; };
		DCA5E3021C12C3DF00C44CBB /* SexTableViewCell.swift in Sources */ = {isa = PBXBuildFile; fileRef = DCA5E3011C12C3DF00C44CBB /* SexTableViewCell.swift */; };
		DCADC11A1C15E254005E20AB /* InformationVC.swift in Sources */ = {isa = PBXBuildFile; fileRef = DCADC1191C15E254005E20AB /* InformationVC.swift */; };
		DCE230DA1C82BEDF001C8ABC /* CityPickerView.swift in Sources */ = {isa = PBXBuildFile; fileRef = DCE230D91C82BEDF001C8ABC /* CityPickerView.swift */; };
		DCE230DE1C82BF51001C8ABC /* Data.swift in Sources */ = {isa = PBXBuildFile; fileRef = DCE230DD1C82BF51001C8ABC /* Data.swift */; };
		DCE230E01C82BF8C001C8ABC /* JobPopView.swift in Sources */ = {isa = PBXBuildFile; fileRef = DCE230DF1C82BF8C001C8ABC /* JobPopView.swift */; };
		DCE230E21C82BFEC001C8ABC /* PickerView.swift in Sources */ = {isa = PBXBuildFile; fileRef = DCE230E11C82BFEC001C8ABC /* PickerView.swift */; };
		DCE230E61C82C04D001C8ABC /* PlacePopView.swift in Sources */ = {isa = PBXBuildFile; fileRef = DCE230E51C82C04D001C8ABC /* PlacePopView.swift */; };
		DCE230E81C82C078001C8ABC /* PopView.swift in Sources */ = {isa = PBXBuildFile; fileRef = DCE230E71C82C078001C8ABC /* PopView.swift */; };
		DCE230EA1C82C0A9001C8ABC /* ProvincePickerView.swift in Sources */ = {isa = PBXBuildFile; fileRef = DCE230E91C82C0A9001C8ABC /* ProvincePickerView.swift */; };
		DCE230EC1C82C0D4001C8ABC /* SalaryPopView.swift in Sources */ = {isa = PBXBuildFile; fileRef = DCE230EB1C82C0D4001C8ABC /* SalaryPopView.swift */; };
		DCE230EE1C82C183001C8ABC /* TestCityPickerView.swift in Sources */ = {isa = PBXBuildFile; fileRef = DCE230ED1C82C183001C8ABC /* TestCityPickerView.swift */; };
/* End PBXBuildFile section */

/* Begin PBXContainerItemProxy section */
		DCA5E2D91C1294DB00C44CBB /* PBXContainerItemProxy */ = {
			isa = PBXContainerItemProxy;
			containerPortal = DCA5E2BC1C1294DA00C44CBB /* Project object */;
			proxyType = 1;
			remoteGlobalIDString = DCA5E2C31C1294DA00C44CBB;
			remoteInfo = "MtoM Fake";
		};
		DCA5E2E41C1294DB00C44CBB /* PBXContainerItemProxy */ = {
			isa = PBXContainerItemProxy;
			containerPortal = DCA5E2BC1C1294DA00C44CBB /* Project object */;
			proxyType = 1;
			remoteGlobalIDString = DCA5E2C31C1294DA00C44CBB;
			remoteInfo = "MtoM Fake";
		};
/* End PBXContainerItemProxy section */

/* Begin PBXFileReference section */
		DC192E2A1C73522200A54AEA /* SetDashLine.swift */ = {isa = PBXFileReference; fileEncoding = 4; lastKnownFileType = sourcecode.swift; path = SetDashLine.swift; sourceTree = "<group>"; };
		DC192E2D1C7352C800A54AEA /* MTAutoLayout.swift */ = {isa = PBXFileReference; fileEncoding = 4; lastKnownFileType = sourcecode.swift; path = MTAutoLayout.swift; sourceTree = "<group>"; };
		DC192E301C73539400A54AEA /* Menu.swift */ = {isa = PBXFileReference; fileEncoding = 4; lastKnownFileType = sourcecode.swift; path = Menu.swift; sourceTree = "<group>"; };
		DC192E321C7353B400A54AEA /* MenuButton.swift */ = {isa = PBXFileReference; fileEncoding = 4; lastKnownFileType = sourcecode.swift; path = MenuButton.swift; sourceTree = "<group>"; };
		DC9064DF1C1733F4005BED18 /* TitleCell.swift */ = {isa = PBXFileReference; fileEncoding = 4; lastKnownFileType = sourcecode.swift; path = TitleCell.swift; sourceTree = "<group>"; };
		DC9064E11C173403005BED18 /* TextCell.swift */ = {isa = PBXFileReference; fileEncoding = 4; lastKnownFileType = sourcecode.swift; path = TextCell.swift; sourceTree = "<group>"; };
		DC9064E31C173416005BED18 /* IncomeCell.swift */ = {isa = PBXFileReference; fileEncoding = 4; lastKnownFileType = sourcecode.swift; path = IncomeCell.swift; sourceTree = "<group>"; };
		DC9064E51C173427005BED18 /* DetailsCell.swift */ = {isa = PBXFileReference; fileEncoding = 4; lastKnownFileType = sourcecode.swift; path = DetailsCell.swift; sourceTree = "<group>"; };
		DC9064E71C17343D005BED18 /* ApplyCell.swift */ = {isa = PBXFileReference; fileEncoding = 4; lastKnownFileType = sourcecode.swift; path = ApplyCell.swift; sourceTree = "<group>"; };
		DC9064E91C17366B005BED18 /* Job.swift */ = {isa = PBXFileReference; fileEncoding = 4; lastKnownFileType = sourcecode.swift; path = Job.swift; sourceTree = "<group>"; };
		DC9578151C14746C00692EB2 /* PickerViewController.swift */ = {isa = PBXFileReference; fileEncoding = 4; lastKnownFileType = sourcecode.swift; path = PickerViewController.swift; sourceTree = "<group>"; };
		DCA5E2C41C1294DA00C44CBB /* MtoM Fake.app */ = {isa = PBXFileReference; explicitFileType = wrapper.application; includeInIndex = 0; path = "MtoM Fake.app"; sourceTree = BUILT_PRODUCTS_DIR; };
		DCA5E2C71C1294DA00C44CBB /* AppDelegate.swift */ = {isa = PBXFileReference; lastKnownFileType = sourcecode.swift; path = AppDelegate.swift; sourceTree = "<group>"; };
		DCA5E2C91C1294DA00C44CBB /* ViewController.swift */ = {isa = PBXFileReference; lastKnownFileType = sourcecode.swift; path = ViewController.swift; sourceTree = "<group>"; };
		DCA5E2CC1C1294DA00C44CBB /* Base */ = {isa = PBXFileReference; lastKnownFileType = file.storyboard; name = Base; path = Base.lproj/Main.storyboard; sourceTree = "<group>"; };
		DCA5E2CE1C1294DA00C44CBB /* Assets.xcassets */ = {isa = PBXFileReference; lastKnownFileType = folder.assetcatalog; path = Assets.xcassets; sourceTree = "<group>"; };
		DCA5E2D11C1294DA00C44CBB /* Base */ = {isa = PBXFileReference; lastKnownFileType = file.storyboard; name = Base; path = Base.lproj/LaunchScreen.storyboard; sourceTree = "<group>"; };
		DCA5E2D31C1294DA00C44CBB /* Info.plist */ = {isa = PBXFileReference; lastKnownFileType = text.plist.xml; path = Info.plist; sourceTree = "<group>"; };
		DCA5E2D81C1294DB00C44CBB /* MtoM FakeTests.xctest */ = {isa = PBXFileReference; explicitFileType = wrapper.cfbundle; includeInIndex = 0; path = "MtoM FakeTests.xctest"; sourceTree = BUILT_PRODUCTS_DIR; };
		DCA5E2DC1C1294DB00C44CBB /* MtoM_FakeTests.swift */ = {isa = PBXFileReference; lastKnownFileType = sourcecode.swift; path = MtoM_FakeTests.swift; sourceTree = "<group>"; };
		DCA5E2DE1C1294DB00C44CBB /* Info.plist */ = {isa = PBXFileReference; lastKnownFileType = text.plist.xml; path = Info.plist; sourceTree = "<group>"; };
		DCA5E2E31C1294DB00C44CBB /* MtoM FakeUITests.xctest */ = {isa = PBXFileReference; explicitFileType = wrapper.cfbundle; includeInIndex = 0; path = "MtoM FakeUITests.xctest"; sourceTree = BUILT_PRODUCTS_DIR; };
		DCA5E2E71C1294DB00C44CBB /* MtoM_FakeUITests.swift */ = {isa = PBXFileReference; lastKnownFileType = sourcecode.swift; path = MtoM_FakeUITests.swift; sourceTree = "<group>"; };
		DCA5E2E91C1294DB00C44CBB /* Info.plist */ = {isa = PBXFileReference; lastKnownFileType = text.plist.xml; path = Info.plist; sourceTree = "<group>"; };
		DCA5E2F51C1297E700C44CBB /* LivingViewController.swift */ = {isa = PBXFileReference; fileEncoding = 4; lastKnownFileType = sourcecode.swift; path = LivingViewController.swift; sourceTree = "<group>"; };
		DCA5E2F71C12980500C44CBB /* LivingTableViewCell.swift */ = {isa = PBXFileReference; fileEncoding = 4; lastKnownFileType = sourcecode.swift; path = LivingTableViewCell.swift; sourceTree = "<group>"; };
		DCA5E2F91C12991F00C44CBB /* Utils.swift */ = {isa = PBXFileReference; fileEncoding = 4; lastKnownFileType = sourcecode.swift; path = Utils.swift; sourceTree = "<group>"; };
		DCA5E2FB1C12C39C00C44CBB /* WorkingTableViewCell.swift */ = {isa = PBXFileReference; fileEncoding = 4; lastKnownFileType = sourcecode.swift; path = WorkingTableViewCell.swift; sourceTree = "<group>"; };
		DCA5E2FD1C12C3B800C44CBB /* WorkingViewController.swift */ = {isa = PBXFileReference; fileEncoding = 4; lastKnownFileType = sourcecode.swift; path = WorkingViewController.swift; sourceTree = "<group>"; };
		DCA5E2FF1C12C3CB00C44CBB /* SexViewController.swift */ = {isa = PBXFileReference; fileEncoding = 4; lastKnownFileType = sourcecode.swift; path = SexViewController.swift; sourceTree = "<group>"; };
		DCA5E3011C12C3DF00C44CBB /* SexTableViewCell.swift */ = {isa = PBXFileReference; fileEncoding = 4; lastKnownFileType = sourcecode.swift; path = SexTableViewCell.swift; sourceTree = "<group>"; };
		DCADC1191C15E254005E20AB /* InformationVC.swift */ = {isa = PBXFileReference; fileEncoding = 4; lastKnownFileType = sourcecode.swift; path = InformationVC.swift; sourceTree = "<group>"; };
		DCE230D91C82BEDF001C8ABC /* CityPickerView.swift */ = {isa = PBXFileReference; fileEncoding = 4; lastKnownFileType = sourcecode.swift; path = CityPickerView.swift; sourceTree = "<group>"; };
		DCE230DD1C82BF51001C8ABC /* Data.swift */ = {isa = PBXFileReference; fileEncoding = 4; lastKnownFileType = sourcecode.swift; path = Data.swift; sourceTree = "<group>"; };
		DCE230DF1C82BF8C001C8ABC /* JobPopView.swift */ = {isa = PBXFileReference; fileEncoding = 4; lastKnownFileType = sourcecode.swift; path = JobPopView.swift; sourceTree = "<group>"; };
		DCE230E11C82BFEC001C8ABC /* PickerView.swift */ = {isa = PBXFileReference; fileEncoding = 4; lastKnownFileType = sourcecode.swift; path = PickerView.swift; sourceTree = "<group>"; };
		DCE230E51C82C04D001C8ABC /* PlacePopView.swift */ = {isa = PBXFileReference; fileEncoding = 4; lastKnownFileType = sourcecode.swift; path = PlacePopView.swift; sourceTree = "<group>"; };
		DCE230E71C82C078001C8ABC /* PopView.swift */ = {isa = PBXFileReference; fileEncoding = 4; lastKnownFileType = sourcecode.swift; path = PopView.swift; sourceTree = "<group>"; };
		DCE230E91C82C0A9001C8ABC /* ProvincePickerView.swift */ = {isa = PBXFileReference; fileEncoding = 4; lastKnownFileType = sourcecode.swift; path = ProvincePickerView.swift; sourceTree = "<group>"; };
		DCE230EB1C82C0D4001C8ABC /* SalaryPopView.swift */ = {isa = PBXFileReference; fileEncoding = 4; lastKnownFileType = sourcecode.swift; path = SalaryPopView.swift; sourceTree = "<group>"; };
		DCE230ED1C82C183001C8ABC /* TestCityPickerView.swift */ = {isa = PBXFileReference; fileEncoding = 4; lastKnownFileType = sourcecode.swift; path = TestCityPickerView.swift; sourceTree = "<group>"; };
/* End PBXFileReference section */

/* Begin PBXFrameworksBuildPhase section */
		DCA5E2C11C1294DA00C44CBB /* Frameworks */ = {
			isa = PBXFrameworksBuildPhase;
			buildActionMask = 2147483647;
			files = (
			);
			runOnlyForDeploymentPostprocessing = 0;
		};
		DCA5E2D51C1294DB00C44CBB /* Frameworks */ = {
			isa = PBXFrameworksBuildPhase;
			buildActionMask = 2147483647;
			files = (
			);
			runOnlyForDeploymentPostprocessing = 0;
		};
		DCA5E2E01C1294DB00C44CBB /* Frameworks */ = {
			isa = PBXFrameworksBuildPhase;
			buildActionMask = 2147483647;
			files = (
			);
			runOnlyForDeploymentPostprocessing = 0;
		};
/* End PBXFrameworksBuildPhase section */

/* Begin PBXGroup section */
		DC192E2C1C73527800A54AEA /* TableView */ = {
			isa = PBXGroup;
			children = (
				DC9064DF1C1733F4005BED18 /* TitleCell.swift */,
				DC9064E11C173403005BED18 /* TextCell.swift */,
				DC9064E31C173416005BED18 /* IncomeCell.swift */,
				DC9064E51C173427005BED18 /* DetailsCell.swift */,
				DC9064E71C17343D005BED18 /* ApplyCell.swift */,
			);
			name = TableView;
			sourceTree = "<group>";
		};
		DC192E2F1C73537C00A54AEA /* Menu */ = {
			isa = PBXGroup;
			children = (
				DC192E321C7353B400A54AEA /* MenuButton.swift */,
				DC192E301C73539400A54AEA /* Menu.swift */,
			);
			name = Menu;
			sourceTree = "<group>";
		};
		DC192E341C73543500A54AEA /* PickerView */ = {
			isa = PBXGroup;
			children = (
				DCE230E11C82BFEC001C8ABC /* PickerView.swift */,
				DCE230D91C82BEDF001C8ABC /* CityPickerView.swift */,
				DCE230E91C82C0A9001C8ABC /* ProvincePickerView.swift */,
			);
			name = PickerView;
			sourceTree = "<group>";
		};
		DC9064DE1C17339C005BED18 /* informationVC */ = {
			isa = PBXGroup;
			children = (
				DCADC1191C15E254005E20AB /* InformationVC.swift */,
				DC192E2A1C73522200A54AEA /* SetDashLine.swift */,
				DC192E2F1C73537C00A54AEA /* Menu */,
				DCE230EF1C82C3B0001C8ABC /* PopView */,
				DC192E2C1C73527800A54AEA /* TableView */,
				DCE230ED1C82C183001C8ABC /* TestCityPickerView.swift */,
			);
			name = informationVC;
			sourceTree = "<group>";
		};
		DC9064EB1C173671005BED18 /* Model */ = {
			isa = PBXGroup;
			children = (
				DC9064E91C17366B005BED18 /* Job.swift */,
				DCE230DD1C82BF51001C8ABC /* Data.swift */,
				DCA5E2F91C12991F00C44CBB /* Utils.swift */,
			);
			name = Model;
			sourceTree = "<group>";
		};
		DCA5E2BB1C1294DA00C44CBB = {
			isa = PBXGroup;
			children = (
				DCA5E2C61C1294DA00C44CBB /* MtoM Fake */,
				DCA5E2DB1C1294DB00C44CBB /* MtoM FakeTests */,
				DCA5E2E61C1294DB00C44CBB /* MtoM FakeUITests */,
				DCA5E2C51C1294DA00C44CBB /* Products */,
			);
			sourceTree = "<group>";
		};
		DCA5E2C51C1294DA00C44CBB /* Products */ = {
			isa = PBXGroup;
			children = (
				DCA5E2C41C1294DA00C44CBB /* MtoM Fake.app */,
				DCA5E2D81C1294DB00C44CBB /* MtoM FakeTests.xctest */,
				DCA5E2E31C1294DB00C44CBB /* MtoM FakeUITests.xctest */,
			);
			name = Products;
			sourceTree = "<group>";
		};
		DCA5E2C61C1294DA00C44CBB /* MtoM Fake */ = {
			isa = PBXGroup;
			children = (
				DCA5E2C71C1294DA00C44CBB /* AppDelegate.swift */,
				DCA5E2C91C1294DA00C44CBB /* ViewController.swift */,
				DC192E2D1C7352C800A54AEA /* MTAutoLayout.swift */,
				DCA5E2CB1C1294DA00C44CBB /* Main.storyboard */,
				DCADC1151C15E189005E20AB /* Living */,
				DCADC1161C15E195005E20AB /* Working */,
				DCADC1171C15E1A4005E20AB /* SexVc */,
				DCADC1181C15E1BE005E20AB /* PickerAge */,
				DC9064EB1C173671005BED18 /* Model */,
				DC9064DE1C17339C005BED18 /* informationVC */,
				DCA5E2CE1C1294DA00C44CBB /* Assets.xcassets */,
				DCA5E2D01C1294DA00C44CBB /* LaunchScreen.storyboard */,
				DCA5E2D31C1294DA00C44CBB /* Info.plist */,
			);
			path = "MtoM Fake";
			sourceTree = "<group>";
		};
		DCA5E2DB1C1294DB00C44CBB /* MtoM FakeTests */ = {
			isa = PBXGroup;
			children = (
				DCA5E2DC1C1294DB00C44CBB /* MtoM_FakeTests.swift */,
				DCA5E2DE1C1294DB00C44CBB /* Info.plist */,
			);
			path = "MtoM FakeTests";
			sourceTree = "<group>";
		};
		DCA5E2E61C1294DB00C44CBB /* MtoM FakeUITests */ = {
			isa = PBXGroup;
			children = (
				DCA5E2E71C1294DB00C44CBB /* MtoM_FakeUITests.swift */,
				DCA5E2E91C1294DB00C44CBB /* Info.plist */,
			);
			path = "MtoM FakeUITests";
			sourceTree = "<group>";
		};
		DCADC1151C15E189005E20AB /* Living */ = {
			isa = PBXGroup;
			children = (
				DCA5E2F51C1297E700C44CBB /* LivingViewController.swift */,
				DCA5E2F71C12980500C44CBB /* LivingTableViewCell.swift */,
			);
			name = Living;
			sourceTree = "<group>";
		};
		DCADC1161C15E195005E20AB /* Working */ = {
			isa = PBXGroup;
			children = (
				DCA5E2FD1C12C3B800C44CBB /* WorkingViewController.swift */,
				DCA5E2FB1C12C39C00C44CBB /* WorkingTableViewCell.swift */,
			);
			name = Working;
			sourceTree = "<group>";
		};
		DCADC1171C15E1A4005E20AB /* SexVc */ = {
			isa = PBXGroup;
			children = (
				DCA5E2FF1C12C3CB00C44CBB /* SexViewController.swift */,
				DCA5E3011C12C3DF00C44CBB /* SexTableViewCell.swift */,
			);
			name = SexVc;
			sourceTree = "<group>";
		};
		DCADC1181C15E1BE005E20AB /* PickerAge */ = {
			isa = PBXGroup;
			children = (
				DC9578151C14746C00692EB2 /* PickerViewController.swift */,
			);
			name = PickerAge;
			sourceTree = "<group>";
		};
		DCE230EF1C82C3B0001C8ABC /* PopView */ = {
			isa = PBXGroup;
			children = (
				DCE230E71C82C078001C8ABC /* PopView.swift */,
				DCE230DF1C82BF8C001C8ABC /* JobPopView.swift */,
				DCE230E51C82C04D001C8ABC /* PlacePopView.swift */,
				DCE230EB1C82C0D4001C8ABC /* SalaryPopView.swift */,
				DC192E341C73543500A54AEA /* PickerView */,
			);
			name = PopView;
			sourceTree = "<group>";
		};
/* End PBXGroup section */

/* Begin PBXNativeTarget section */
		DCA5E2C31C1294DA00C44CBB /* MtoM Fake */ = {
			isa = PBXNativeTarget;
			buildConfigurationList = DCA5E2EC1C1294DB00C44CBB /* Build configuration list for PBXNativeTarget "MtoM Fake" */;
			buildPhases = (
				DCA5E2C01C1294DA00C44CBB /* Sources */,
				DCA5E2C11C1294DA00C44CBB /* Frameworks */,
				DCA5E2C21C1294DA00C44CBB /* Resources */,
			);
			buildRules = (
			);
			dependencies = (
			);
			name = "MtoM Fake";
			productName = "MtoM Fake";
			productReference = DCA5E2C41C1294DA00C44CBB /* MtoM Fake.app */;
			productType = "com.apple.product-type.application";
		};
		DCA5E2D71C1294DB00C44CBB /* MtoM FakeTests */ = {
			isa = PBXNativeTarget;
			buildConfigurationList = DCA5E2EF1C1294DB00C44CBB /* Build configuration list for PBXNativeTarget "MtoM FakeTests" */;
			buildPhases = (
				DCA5E2D41C1294DB00C44CBB /* Sources */,
				DCA5E2D51C1294DB00C44CBB /* Frameworks */,
				DCA5E2D61C1294DB00C44CBB /* Resources */,
			);
			buildRules = (
			);
			dependencies = (
				DCA5E2DA1C1294DB00C44CBB /* PBXTargetDependency */,
			);
			name = "MtoM FakeTests";
			productName = "MtoM FakeTests";
			productReference = DCA5E2D81C1294DB00C44CBB /* MtoM FakeTests.xctest */;
			productType = "com.apple.product-type.bundle.unit-test";
		};
		DCA5E2E21C1294DB00C44CBB /* MtoM FakeUITests */ = {
			isa = PBXNativeTarget;
			buildConfigurationList = DCA5E2F21C1294DB00C44CBB /* Build configuration list for PBXNativeTarget "MtoM FakeUITests" */;
			buildPhases = (
				DCA5E2DF1C1294DB00C44CBB /* Sources */,
				DCA5E2E01C1294DB00C44CBB /* Frameworks */,
				DCA5E2E11C1294DB00C44CBB /* Resources */,
			);
			buildRules = (
			);
			dependencies = (
				DCA5E2E51C1294DB00C44CBB /* PBXTargetDependency */,
			);
			name = "MtoM FakeUITests";
			productName = "MtoM FakeUITests";
			productReference = DCA5E2E31C1294DB00C44CBB /* MtoM FakeUITests.xctest */;
			productType = "com.apple.product-type.bundle.ui-testing";
		};
/* End PBXNativeTarget section */

/* Begin PBXProject section */
		DCA5E2BC1C1294DA00C44CBB /* Project object */ = {
			isa = PBXProject;
			attributes = {
				LastSwiftUpdateCheck = 0710;
				LastUpgradeCheck = 0710;
				ORGANIZATIONNAME = "Tinh Vu";
				TargetAttributes = {
					DCA5E2C31C1294DA00C44CBB = {
						CreatedOnToolsVersion = 7.1;
					};
					DCA5E2D71C1294DB00C44CBB = {
						CreatedOnToolsVersion = 7.1;
						TestTargetID = DCA5E2C31C1294DA00C44CBB;
					};
					DCA5E2E21C1294DB00C44CBB = {
						CreatedOnToolsVersion = 7.1;
						TestTargetID = DCA5E2C31C1294DA00C44CBB;
					};
				};
			};
			buildConfigurationList = DCA5E2BF1C1294DA00C44CBB /* Build configuration list for PBXProject "MtoM Fake" */;
			compatibilityVersion = "Xcode 3.2";
			developmentRegion = English;
			hasScannedForEncodings = 0;
			knownRegions = (
				en,
				Base,
			);
			mainGroup = DCA5E2BB1C1294DA00C44CBB;
			productRefGroup = DCA5E2C51C1294DA00C44CBB /* Products */;
			projectDirPath = "";
			projectRoot = "";
			targets = (
				DCA5E2C31C1294DA00C44CBB /* MtoM Fake */,
				DCA5E2D71C1294DB00C44CBB /* MtoM FakeTests */,
				DCA5E2E21C1294DB00C44CBB /* MtoM FakeUITests */,
			);
		};
/* End PBXProject section */

/* Begin PBXResourcesBuildPhase section */
		DCA5E2C21C1294DA00C44CBB /* Resources */ = {
			isa = PBXResourcesBuildPhase;
			buildActionMask = 2147483647;
			files = (
				DCA5E2D21C1294DA00C44CBB /* LaunchScreen.storyboard in Resources */,
				DCA5E2CF1C1294DA00C44CBB /* Assets.xcassets in Resources */,
				DCA5E2CD1C1294DA00C44CBB /* Main.storyboard in Resources */,
			);
			runOnlyForDeploymentPostprocessing = 0;
		};
		DCA5E2D61C1294DB00C44CBB /* Resources */ = {
			isa = PBXResourcesBuildPhase;
			buildActionMask = 2147483647;
			files = (
			);
			runOnlyForDeploymentPostprocessing = 0;
		};
		DCA5E2E11C1294DB00C44CBB /* Resources */ = {
			isa = PBXResourcesBuildPhase;
			buildActionMask = 2147483647;
			files = (
			);
			runOnlyForDeploymentPostprocessing = 0;
		};
/* End PBXResourcesBuildPhase section */

/* Begin PBXSourcesBuildPhase section */
		DCA5E2C01C1294DA00C44CBB /* Sources */ = {
			isa = PBXSourcesBuildPhase;
			buildActionMask = 2147483647;
			files = (
				DC9064E81C17343D005BED18 /* ApplyCell.swift in Sources */,
				DC9064E01C1733F4005BED18 /* TitleCell.swift in Sources */,
				DC192E331C7353B400A54AEA /* MenuButton.swift in Sources */,
				DC9578161C14746C00692EB2 /* PickerViewController.swift in Sources */,
				DC192E2E1C7352C800A54AEA /* MTAutoLayout.swift in Sources */,
				DCE230EE1C82C183001C8ABC /* TestCityPickerView.swift in Sources */,
				DCADC11A1C15E254005E20AB /* InformationVC.swift in Sources */,
				DC192E2B1C73522200A54AEA /* SetDashLine.swift in Sources */,
				DCE230DE1C82BF51001C8ABC /* Data.swift in Sources */,
				DCA5E2FA1C12991F00C44CBB /* Utils.swift in Sources */,
				DCE230E01C82BF8C001C8ABC /* JobPopView.swift in Sources */,
				DCE230EA1C82C0A9001C8ABC /* ProvincePickerView.swift in Sources */,
				DCA5E3001C12C3CB00C44CBB /* SexViewController.swift in Sources */,
				DCE230DA1C82BEDF001C8ABC /* CityPickerView.swift in Sources */,
				DCE230E21C82BFEC001C8ABC /* PickerView.swift in Sources */,
				DCA5E2F81C12980500C44CBB /* LivingTableViewCell.swift in Sources */,
				DC9064E41C173416005BED18 /* IncomeCell.swift in Sources */,
				DCE230E61C82C04D001C8ABC /* PlacePopView.swift in Sources */,
				DCE230EC1C82C0D4001C8ABC /* SalaryPopView.swift in Sources */,
				DCE230E81C82C078001C8ABC /* PopView.swift in Sources */,
				DCA5E2F61C1297E700C44CBB /* LivingViewController.swift in Sources */,
				DC9064E21C173403005BED18 /* TextCell.swift in Sources */,
				DCA5E3021C12C3DF00C44CBB /* SexTableViewCell.swift in Sources */,
				DCA5E2CA1C1294DA00C44CBB /* ViewController.swift in Sources */,
				DC192E311C73539400A54AEA /* Menu.swift in Sources */,
				DCA5E2FE1C12C3B800C44CBB /* WorkingViewController.swift in Sources */,
				DC9064E61C173427005BED18 /* DetailsCell.swift in Sources */,
				DC9064EA1C17366B005BED18 /* Job.swift in Sources */,
				DCA5E2C81C1294DA00C44CBB /* AppDelegate.swift in Sources */,
				DCA5E2FC1C12C39C00C44CBB /* WorkingTableViewCell.swift in Sources */,
			);
			runOnlyForDeploymentPostprocessing = 0;
		};
		DCA5E2D41C1294DB00C44CBB /* Sources */ = {
			isa = PBXSourcesBuildPhase;
			buildActionMask = 2147483647;
			files = (
				DCA5E2DD1C1294DB00C44CBB /* MtoM_FakeTests.swift in Sources */,
			);
			runOnlyForDeploymentPostprocessing = 0;
		};
		DCA5E2DF1C1294DB00C44CBB /* Sources */ = {
			isa = PBXSourcesBuildPhase;
			buildActionMask = 2147483647;
			files = (
				DCA5E2E81C1294DB00C44CBB /* MtoM_FakeUITests.swift in Sources */,
			);
			runOnlyForDeploymentPostprocessing = 0;
		};
/* End PBXSourcesBuildPhase section */

/* Begin PBXTargetDependency section */
		DCA5E2DA1C1294DB00C44CBB /* PBXTargetDependency */ = {
			isa = PBXTargetDependency;
			target = DCA5E2C31C1294DA00C44CBB /* MtoM Fake */;
			targetProxy = DCA5E2D91C1294DB00C44CBB /* PBXContainerItemProxy */;
		};
		DCA5E2E51C1294DB00C44CBB /* PBXTargetDependency */ = {
			isa = PBXTargetDependency;
			target = DCA5E2C31C1294DA00C44CBB /* MtoM Fake */;
			targetProxy = DCA5E2E41C1294DB00C44CBB /* PBXContainerItemProxy */;
		};
/* End PBXTargetDependency section */

/* Begin PBXVariantGroup section */
		DCA5E2CB1C1294DA00C44CBB /* Main.storyboard */ = {
			isa = PBXVariantGroup;
			children = (
				DCA5E2CC1C1294DA00C44CBB /* Base */,
			);
			name = Main.storyboard;
			sourceTree = "<group>";
		};
		DCA5E2D01C1294DA00C44CBB /* LaunchScreen.storyboard */ = {
			isa = PBXVariantGroup;
			children = (
				DCA5E2D11C1294DA00C44CBB /* Base */,
			);
			name = LaunchScreen.storyboard;
			sourceTree = "<group>";
		};
/* End PBXVariantGroup section */

/* Begin XCBuildConfiguration section */
		DCA5E2EA1C1294DB00C44CBB /* Debug */ = {
			isa = XCBuildConfiguration;
			buildSettings = {
				ALWAYS_SEARCH_USER_PATHS = NO;
				CLANG_CXX_LANGUAGE_STANDARD = "gnu++0x";
				CLANG_CXX_LIBRARY = "libc++";
				CLANG_ENABLE_MODULES = YES;
				CLANG_ENABLE_OBJC_ARC = YES;
				CLANG_WARN_BOOL_CONVERSION = YES;
				CLANG_WARN_CONSTANT_CONVERSION = YES;
				CLANG_WARN_DIRECT_OBJC_ISA_USAGE = YES_ERROR;
				CLANG_WARN_EMPTY_BODY = YES;
				CLANG_WARN_ENUM_CONVERSION = YES;
				CLANG_WARN_INT_CONVERSION = YES;
				CLANG_WARN_OBJC_ROOT_CLASS = YES_ERROR;
				CLANG_WARN_UNREACHABLE_CODE = YES;
				CLANG_WARN__DUPLICATE_METHOD_MATCH = YES;
				"CODE_SIGN_IDENTITY[sdk=iphoneos*]" = "iPhone Developer";
				COPY_PHASE_STRIP = NO;
				DEBUG_INFORMATION_FORMAT = dwarf;
				ENABLE_STRICT_OBJC_MSGSEND = YES;
				ENABLE_TESTABILITY = YES;
				GCC_C_LANGUAGE_STANDARD = gnu99;
				GCC_DYNAMIC_NO_PIC = NO;
				GCC_NO_COMMON_BLOCKS = YES;
				GCC_OPTIMIZATION_LEVEL = 0;
				GCC_PREPROCESSOR_DEFINITIONS = (
					"DEBUG=1",
					"$(inherited)",
				);
				GCC_WARN_64_TO_32_BIT_CONVERSION = YES;
				GCC_WARN_ABOUT_RETURN_TYPE = YES_ERROR;
				GCC_WARN_UNDECLARED_SELECTOR = YES;
				GCC_WARN_UNINITIALIZED_AUTOS = YES_AGGRESSIVE;
				GCC_WARN_UNUSED_FUNCTION = YES;
				GCC_WARN_UNUSED_VARIABLE = YES;
				IPHONEOS_DEPLOYMENT_TARGET = 9.1;
				MTL_ENABLE_DEBUG_INFO = YES;
				ONLY_ACTIVE_ARCH = YES;
				SDKROOT = iphoneos;
				SWIFT_OPTIMIZATION_LEVEL = "-Onone";
				TARGETED_DEVICE_FAMILY = "1,2";
			};
			name = Debug;
		};
		DCA5E2EB1C1294DB00C44CBB /* Release */ = {
			isa = XCBuildConfiguration;
			buildSettings = {
				ALWAYS_SEARCH_USER_PATHS = NO;
				CLANG_CXX_LANGUAGE_STANDARD = "gnu++0x";
				CLANG_CXX_LIBRARY = "libc++";
				CLANG_ENABLE_MODULES = YES;
				CLANG_ENABLE_OBJC_ARC = YES;
				CLANG_WARN_BOOL_CONVERSION = YES;
				CLANG_WARN_CONSTANT_CONVERSION = YES;
				CLANG_WARN_DIRECT_OBJC_ISA_USAGE = YES_ERROR;
				CLANG_WARN_EMPTY_BODY = YES;
				CLANG_WARN_ENUM_CONVERSION = YES;
				CLANG_WARN_INT_CONVERSION = YES;
				CLANG_WARN_OBJC_ROOT_CLASS = YES_ERROR;
				CLANG_WARN_UNREACHABLE_CODE = YES;
				CLANG_WARN__DUPLICATE_METHOD_MATCH = YES;
				"CODE_SIGN_IDENTITY[sdk=iphoneos*]" = "iPhone Developer";
				COPY_PHASE_STRIP = NO;
				DEBUG_INFORMATION_FORMAT = "dwarf-with-dsym";
				ENABLE_NS_ASSERTIONS = NO;
				ENABLE_STRICT_OBJC_MSGSEND = YES;
				GCC_C_LANGUAGE_STANDARD = gnu99;
				GCC_NO_COMMON_BLOCKS = YES;
				GCC_WARN_64_TO_32_BIT_CONVERSION = YES;
				GCC_WARN_ABOUT_RETURN_TYPE = YES_ERROR;
				GCC_WARN_UNDECLARED_SELECTOR = YES;
				GCC_WARN_UNINITIALIZED_AUTOS = YES_AGGRESSIVE;
				GCC_WARN_UNUSED_FUNCTION = YES;
				GCC_WARN_UNUSED_VARIABLE = YES;
				IPHONEOS_DEPLOYMENT_TARGET = 9.1;
				MTL_ENABLE_DEBUG_INFO = NO;
				SDKROOT = iphoneos;
				TARGETED_DEVICE_FAMILY = "1,2";
				VALIDATE_PRODUCT = YES;
			};
			name = Release;
		};
		DCA5E2ED1C1294DB00C44CBB /* Debug */ = {
			isa = XCBuildConfiguration;
			buildSettings = {
				ASSETCATALOG_COMPILER_APPICON_NAME = AppIcon;
				INFOPLIST_FILE = "MtoM Fake/Info.plist";
				LD_RUNPATH_SEARCH_PATHS = "$(inherited) @executable_path/Frameworks";
				PRODUCT_BUNDLE_IDENTIFIER = "origin.MtoM-Fake";
				PRODUCT_NAME = "$(TARGET_NAME)";
			};
			name = Debug;
		};
		DCA5E2EE1C1294DB00C44CBB /* Release */ = {
			isa = XCBuildConfiguration;
			buildSettings = {
				ASSETCATALOG_COMPILER_APPICON_NAME = AppIcon;
				INFOPLIST_FILE = "MtoM Fake/Info.plist";
				LD_RUNPATH_SEARCH_PATHS = "$(inherited) @executable_path/Frameworks";
				PRODUCT_BUNDLE_IDENTIFIER = "origin.MtoM-Fake";
				PRODUCT_NAME = "$(TARGET_NAME)";
			};
			name = Release;
		};
		DCA5E2F01C1294DB00C44CBB /* Debug */ = {
			isa = XCBuildConfiguration;
			buildSettings = {
				BUNDLE_LOADER = "$(TEST_HOST)";
				INFOPLIST_FILE = "MtoM FakeTests/Info.plist";
				LD_RUNPATH_SEARCH_PATHS = "$(inherited) @executable_path/Frameworks @loader_path/Frameworks";
				PRODUCT_BUNDLE_IDENTIFIER = "origin.MtoM-FakeTests";
				PRODUCT_NAME = "$(TARGET_NAME)";
				TEST_HOST = "$(BUILT_PRODUCTS_DIR)/MtoM Fake.app/MtoM Fake";
			};
			name = Debug;
		};
		DCA5E2F11C1294DB00C44CBB /* Release */ = {
			isa = XCBuildConfiguration;
			buildSettings = {
				BUNDLE_LOADER = "$(TEST_HOST)";
				INFOPLIST_FILE = "MtoM FakeTests/Info.plist";
				LD_RUNPATH_SEARCH_PATHS = "$(inherited) @executable_path/Frameworks @loader_path/Frameworks";
				PRODUCT_BUNDLE_IDENTIFIER = "origin.MtoM-FakeTests";
				PRODUCT_NAME = "$(TARGET_NAME)";
				TEST_HOST = "$(BUILT_PRODUCTS_DIR)/MtoM Fake.app/MtoM Fake";
			};
			name = Release;
		};
		DCA5E2F31C1294DB00C44CBB /* Debug */ = {
			isa = XCBuildConfiguration;
			buildSettings = {
				INFOPLIST_FILE = "MtoM FakeUITests/Info.plist";
				LD_RUNPATH_SEARCH_PATHS = "$(inherited) @executable_path/Frameworks @loader_path/Frameworks";
				PRODUCT_BUNDLE_IDENTIFIER = "origin.MtoM-FakeUITests";
				PRODUCT_NAME = "$(TARGET_NAME)";
				TEST_TARGET_NAME = "MtoM Fake";
				USES_XCTRUNNER = YES;
			};
			name = Debug;
		};
		DCA5E2F41C1294DB00C44CBB /* Release */ = {
			isa = XCBuildConfiguration;
			buildSettings = {
				INFOPLIST_FILE = "MtoM FakeUITests/Info.plist";
				LD_RUNPATH_SEARCH_PATHS = "$(inherited) @executable_path/Frameworks @loader_path/Frameworks";
				PRODUCT_BUNDLE_IDENTIFIER = "origin.MtoM-FakeUITests";
				PRODUCT_NAME = "$(TARGET_NAME)";
				TEST_TARGET_NAME = "MtoM Fake";
				USES_XCTRUNNER = YES;
			};
			name = Release;
		};
/* End XCBuildConfiguration section */

/* Begin XCConfigurationList section */
		DCA5E2BF1C1294DA00C44CBB /* Build configuration list for PBXProject "MtoM Fake" */ = {
			isa = XCConfigurationList;
			buildConfigurations = (
				DCA5E2EA1C1294DB00C44CBB /* Debug */,
				DCA5E2EB1C1294DB00C44CBB /* Release */,
			);
			defaultConfigurationIsVisible = 0;
			defaultConfigurationName = Release;
		};
		DCA5E2EC1C1294DB00C44CBB /* Build configuration list for PBXNativeTarget "MtoM Fake" */ = {
			isa = XCConfigurationList;
			buildConfigurations = (
				DCA5E2ED1C1294DB00C44CBB /* Debug */,
				DCA5E2EE1C1294DB00C44CBB /* Release */,
			);
			defaultConfigurationIsVisible = 0;
			defaultConfigurationName = Release;
		};
		DCA5E2EF1C1294DB00C44CBB /* Build configuration list for PBXNativeTarget "MtoM FakeTests" */ = {
			isa = XCConfigurationList;
			buildConfigurations = (
				DCA5E2F01C1294DB00C44CBB /* Debug */,
				DCA5E2F11C1294DB00C44CBB /* Release */,
			);
			defaultConfigurationIsVisible = 0;
			defaultConfigurationName = Release;
		};
		DCA5E2F21C1294DB00C44CBB /* Build configuration list for PBXNativeTarget "MtoM FakeUITests" */ = {
			isa = XCConfigurationList;
			buildConfigurations = (
				DCA5E2F31C1294DB00C44CBB /* Debug */,
				DCA5E2F41C1294DB00C44CBB /* Release */,
			);
			defaultConfigurationIsVisible = 0;
			defaultConfigurationName = Release;
		};
/* End XCConfigurationList section */
	};
	rootObject = DCA5E2BC1C1294DA00C44CBB /* Project object */;
}
